// !$*UTF8*$!
{
	archiveVersion = 1;
	classes = {
	};
	objectVersion = 50;
	objects = {

/* Begin PBXBuildFile section */
		353D7D5A24325E7F00E1DCA7 /* AppDelegate.swift in Sources */ = {isa = PBXBuildFile; fileRef = 353D7D5924325E7F00E1DCA7 /* AppDelegate.swift */; };
		353D7D5C24325E7F00E1DCA7 /* SceneDelegate.swift in Sources */ = {isa = PBXBuildFile; fileRef = 353D7D5B24325E7F00E1DCA7 /* SceneDelegate.swift */; };
		353D7D5E24325E7F00E1DCA7 /* ViewController.swift in Sources */ = {isa = PBXBuildFile; fileRef = 353D7D5D24325E7F00E1DCA7 /* ViewController.swift */; };
		353D7D6124325E7F00E1DCA7 /* Main.storyboard in Resources */ = {isa = PBXBuildFile; fileRef = 353D7D5F24325E7F00E1DCA7 /* Main.storyboard */; };
		353D7D6324325E8200E1DCA7 /* Assets.xcassets in Resources */ = {isa = PBXBuildFile; fileRef = 353D7D6224325E8200E1DCA7 /* Assets.xcassets */; };
		353D7D6624325E8200E1DCA7 /* LaunchScreen.storyboard in Resources */ = {isa = PBXBuildFile; fileRef = 353D7D6424325E8200E1DCA7 /* LaunchScreen.storyboard */; };
		353D7D7124325E8300E1DCA7 /* Code_Name_InceptionTests.swift in Sources */ = {isa = PBXBuildFile; fileRef = 353D7D7024325E8300E1DCA7 /* Code_Name_InceptionTests.swift */; };
		353D7D7C24325E8300E1DCA7 /* Code_Name_InceptionUITests.swift in Sources */ = {isa = PBXBuildFile; fileRef = 353D7D7B24325E8300E1DCA7 /* Code_Name_InceptionUITests.swift */; };
/* End PBXBuildFile section */

/* Begin PBXContainerItemProxy section */
		353D7D6D24325E8300E1DCA7 /* PBXContainerItemProxy */ = {
			isa = PBXContainerItemProxy;
			containerPortal = 353D7D4E24325E7F00E1DCA7 /* Project object */;
			proxyType = 1;
			remoteGlobalIDString = 353D7D5524325E7F00E1DCA7;
			remoteInfo = "Code Name Inception";
		};
		353D7D7824325E8300E1DCA7 /* PBXContainerItemProxy */ = {
			isa = PBXContainerItemProxy;
			containerPortal = 353D7D4E24325E7F00E1DCA7 /* Project object */;
			proxyType = 1;
			remoteGlobalIDString = 353D7D5524325E7F00E1DCA7;
			remoteInfo = "Code Name Inception";
		};
/* End PBXContainerItemProxy section */

/* Begin PBXFileReference section */
		353D7D5624325E7F00E1DCA7 /* Code Name Inception.app */ = {isa = PBXFileReference; explicitFileType = wrapper.application; includeInIndex = 0; path = "Code Name Inception.app"; sourceTree = BUILT_PRODUCTS_DIR; };
		353D7D5924325E7F00E1DCA7 /* AppDelegate.swift */ = {isa = PBXFileReference; lastKnownFileType = sourcecode.swift; path = AppDelegate.swift; sourceTree = "<group>"; };
		353D7D5B24325E7F00E1DCA7 /* SceneDelegate.swift */ = {isa = PBXFileReference; lastKnownFileType = sourcecode.swift; path = SceneDelegate.swift; sourceTree = "<group>"; };
		353D7D5D24325E7F00E1DCA7 /* ViewController.swift */ = {isa = PBXFileReference; lastKnownFileType = sourcecode.swift; path = ViewController.swift; sourceTree = "<group>"; };
		353D7D6024325E7F00E1DCA7 /* Base */ = {isa = PBXFileReference; lastKnownFileType = file.storyboard; name = Base; path = Base.lproj/Main.storyboard; sourceTree = "<group>"; };
		353D7D6224325E8200E1DCA7 /* Assets.xcassets */ = {isa = PBXFileReference; lastKnownFileType = folder.assetcatalog; path = Assets.xcassets; sourceTree = "<group>"; };
		353D7D6524325E8200E1DCA7 /* Base */ = {isa = PBXFileReference; lastKnownFileType = file.storyboard; name = Base; path = Base.lproj/LaunchScreen.storyboard; sourceTree = "<group>"; };
		353D7D6724325E8200E1DCA7 /* Info.plist */ = {isa = PBXFileReference; lastKnownFileType = text.plist.xml; path = Info.plist; sourceTree = "<group>"; };
		353D7D6C24325E8300E1DCA7 /* Code Name InceptionTests.xctest */ = {isa = PBXFileReference; explicitFileType = wrapper.cfbundle; includeInIndex = 0; path = "Code Name InceptionTests.xctest"; sourceTree = BUILT_PRODUCTS_DIR; };
		353D7D7024325E8300E1DCA7 /* Code_Name_InceptionTests.swift */ = {isa = PBXFileReference; lastKnownFileType = sourcecode.swift; path = Code_Name_InceptionTests.swift; sourceTree = "<group>"; };
		353D7D7224325E8300E1DCA7 /* Info.plist */ = {isa = PBXFileReference; lastKnownFileType = text.plist.xml; path = Info.plist; sourceTree = "<group>"; };
		353D7D7724325E8300E1DCA7 /* Code Name InceptionUITests.xctest */ = {isa = PBXFileReference; explicitFileType = wrapper.cfbundle; includeInIndex = 0; path = "Code Name InceptionUITests.xctest"; sourceTree = BUILT_PRODUCTS_DIR; };
		353D7D7B24325E8300E1DCA7 /* Code_Name_InceptionUITests.swift */ = {isa = PBXFileReference; lastKnownFileType = sourcecode.swift; path = Code_Name_InceptionUITests.swift; sourceTree = "<group>"; };
		353D7D7D24325E8300E1DCA7 /* Info.plist */ = {isa = PBXFileReference; lastKnownFileType = text.plist.xml; path = Info.plist; sourceTree = "<group>"; };
/* End PBXFileReference section */

/* Begin PBXFrameworksBuildPhase section */
		353D7D5324325E7F00E1DCA7 /* Frameworks */ = {
			isa = PBXFrameworksBuildPhase;
			buildActionMask = 2147483647;
			files = (
			);
			runOnlyForDeploymentPostprocessing = 0;
		};
		353D7D6924325E8300E1DCA7 /* Frameworks */ = {
			isa = PBXFrameworksBuildPhase;
			buildActionMask = 2147483647;
			files = (
			);
			runOnlyForDeploymentPostprocessing = 0;
		};
		353D7D7424325E8300E1DCA7 /* Frameworks */ = {
			isa = PBXFrameworksBuildPhase;
			buildActionMask = 2147483647;
			files = (
			);
			runOnlyForDeploymentPostprocessing = 0;
		};
/* End PBXFrameworksBuildPhase section */

/* Begin PBXGroup section */
		353D7D4D24325E7F00E1DCA7 = {
			isa = PBXGroup;
			children = (
				353D7D5824325E7F00E1DCA7 /* Code Name Inception */,
				353D7D6F24325E8300E1DCA7 /* Code Name InceptionTests */,
				353D7D7A24325E8300E1DCA7 /* Code Name InceptionUITests */,
				353D7D5724325E7F00E1DCA7 /* Products */,
			);
			sourceTree = "<group>";
		};
		353D7D5724325E7F00E1DCA7 /* Products */ = {
			isa = PBXGroup;
			children = (
				353D7D5624325E7F00E1DCA7 /* Code Name Inception.app */,
				353D7D6C24325E8300E1DCA7 /* Code Name InceptionTests.xctest */,
				353D7D7724325E8300E1DCA7 /* Code Name InceptionUITests.xctest */,
			);
			name = Products;
			sourceTree = "<group>";
		};
		353D7D5824325E7F00E1DCA7 /* Code Name Inception */ = {
			isa = PBXGroup;
			children = (
				353D7D5924325E7F00E1DCA7 /* AppDelegate.swift */,
				353D7D5B24325E7F00E1DCA7 /* SceneDelegate.swift */,
				353D7D5D24325E7F00E1DCA7 /* ViewController.swift */,
				353D7D5F24325E7F00E1DCA7 /* Main.storyboard */,
				353D7D6224325E8200E1DCA7 /* Assets.xcassets */,
				353D7D6424325E8200E1DCA7 /* LaunchScreen.storyboard */,
				353D7D6724325E8200E1DCA7 /* Info.plist */,
			);
			path = "Code Name Inception";
			sourceTree = "<group>";
		};
		353D7D6F24325E8300E1DCA7 /* Code Name InceptionTests */ = {
			isa = PBXGroup;
			children = (
				353D7D7024325E8300E1DCA7 /* Code_Name_InceptionTests.swift */,
				353D7D7224325E8300E1DCA7 /* Info.plist */,
			);
			path = "Code Name InceptionTests";
			sourceTree = "<group>";
		};
		353D7D7A24325E8300E1DCA7 /* Code Name InceptionUITests */ = {
			isa = PBXGroup;
			children = (
				353D7D7B24325E8300E1DCA7 /* Code_Name_InceptionUITests.swift */,
				353D7D7D24325E8300E1DCA7 /* Info.plist */,
			);
			path = "Code Name InceptionUITests";
			sourceTree = "<group>";
		};
/* End PBXGroup section */

/* Begin PBXNativeTarget section */
		353D7D5524325E7F00E1DCA7 /* Code Name Inception */ = {
			isa = PBXNativeTarget;
			buildConfigurationList = 353D7D8024325E8300E1DCA7 /* Build configuration list for PBXNativeTarget "Code Name Inception" */;
			buildPhases = (
				353D7D5224325E7F00E1DCA7 /* Sources */,
				353D7D5324325E7F00E1DCA7 /* Frameworks */,
				353D7D5424325E7F00E1DCA7 /* Resources */,
			);
			buildRules = (
			);
			dependencies = (
			);
			name = "Code Name Inception";
			productName = "Code Name Inception";
			productReference = 353D7D5624325E7F00E1DCA7 /* Code Name Inception.app */;
			productType = "com.apple.product-type.application";
		};
		353D7D6B24325E8300E1DCA7 /* Code Name InceptionTests */ = {
			isa = PBXNativeTarget;
			buildConfigurationList = 353D7D8324325E8300E1DCA7 /* Build configuration list for PBXNativeTarget "Code Name InceptionTests" */;
			buildPhases = (
				353D7D6824325E8300E1DCA7 /* Sources */,
				353D7D6924325E8300E1DCA7 /* Frameworks */,
				353D7D6A24325E8300E1DCA7 /* Resources */,
			);
			buildRules = (
			);
			dependencies = (
				353D7D6E24325E8300E1DCA7 /* PBXTargetDependency */,
			);
			name = "Code Name InceptionTests";
			productName = "Code Name InceptionTests";
			productReference = 353D7D6C24325E8300E1DCA7 /* Code Name InceptionTests.xctest */;
			productType = "com.apple.product-type.bundle.unit-test";
		};
		353D7D7624325E8300E1DCA7 /* Code Name InceptionUITests */ = {
			isa = PBXNativeTarget;
			buildConfigurationList = 353D7D8624325E8300E1DCA7 /* Build configuration list for PBXNativeTarget "Code Name InceptionUITests" */;
			buildPhases = (
				353D7D7324325E8300E1DCA7 /* Sources */,
				353D7D7424325E8300E1DCA7 /* Frameworks */,
				353D7D7524325E8300E1DCA7 /* Resources */,
			);
			buildRules = (
			);
			dependencies = (
				353D7D7924325E8300E1DCA7 /* PBXTargetDependency */,
			);
			name = "Code Name InceptionUITests";
			productName = "Code Name InceptionUITests";
			productReference = 353D7D7724325E8300E1DCA7 /* Code Name InceptionUITests.xctest */;
			productType = "com.apple.product-type.bundle.ui-testing";
		};
/* End PBXNativeTarget section */

/* Begin PBXProject section */
		353D7D4E24325E7F00E1DCA7 /* Project object */ = {
			isa = PBXProject;
			attributes = {
				LastSwiftUpdateCheck = 1140;
				LastUpgradeCheck = 1140;
				ORGANIZATIONNAME = "Michael Arpasi";
				TargetAttributes = {
					353D7D5524325E7F00E1DCA7 = {
						CreatedOnToolsVersion = 11.4;
					};
					353D7D6B24325E8300E1DCA7 = {
						CreatedOnToolsVersion = 11.4;
						TestTargetID = 353D7D5524325E7F00E1DCA7;
					};
					353D7D7624325E8300E1DCA7 = {
						CreatedOnToolsVersion = 11.4;
						TestTargetID = 353D7D5524325E7F00E1DCA7;
					};
				};
			};
			buildConfigurationList = 353D7D5124325E7F00E1DCA7 /* Build configuration list for PBXProject "Code Name Inception" */;
			compatibilityVersion = "Xcode 9.3";
			developmentRegion = en;
			hasScannedForEncodings = 0;
			knownRegions = (
				en,
				Base,
			);
			mainGroup = 353D7D4D24325E7F00E1DCA7;
			productRefGroup = 353D7D5724325E7F00E1DCA7 /* Products */;
			projectDirPath = "";
			projectRoot = "";
			targets = (
				353D7D5524325E7F00E1DCA7 /* Code Name Inception */,
				353D7D6B24325E8300E1DCA7 /* Code Name InceptionTests */,
				353D7D7624325E8300E1DCA7 /* Code Name InceptionUITests */,
			);
		};
/* End PBXProject section */

/* Begin PBXResourcesBuildPhase section */
		353D7D5424325E7F00E1DCA7 /* Resources */ = {
			isa = PBXResourcesBuildPhase;
			buildActionMask = 2147483647;
			files = (
				353D7D6624325E8200E1DCA7 /* LaunchScreen.storyboard in Resources */,
				353D7D6324325E8200E1DCA7 /* Assets.xcassets in Resources */,
				353D7D6124325E7F00E1DCA7 /* Main.storyboard in Resources */,
			);
			runOnlyForDeploymentPostprocessing = 0;
		};
		353D7D6A24325E8300E1DCA7 /* Resources */ = {
			isa = PBXResourcesBuildPhase;
			buildActionMask = 2147483647;
			files = (
			);
			runOnlyForDeploymentPostprocessing = 0;
		};
		353D7D7524325E8300E1DCA7 /* Resources */ = {
			isa = PBXResourcesBuildPhase;
			buildActionMask = 2147483647;
			files = (
			);
			runOnlyForDeploymentPostprocessing = 0;
		};
/* End PBXResourcesBuildPhase section */

/* Begin PBXSourcesBuildPhase section */
		353D7D5224325E7F00E1DCA7 /* Sources */ = {
			isa = PBXSourcesBuildPhase;
			buildActionMask = 2147483647;
			files = (
				353D7D5E24325E7F00E1DCA7 /* ViewController.swift in Sources */,
				353D7D5A24325E7F00E1DCA7 /* AppDelegate.swift in Sources */,
				353D7D5C24325E7F00E1DCA7 /* SceneDelegate.swift in Sources */,
			);
			runOnlyForDeploymentPostprocessing = 0;
		};
		353D7D6824325E8300E1DCA7 /* Sources */ = {
			isa = PBXSourcesBuildPhase;
			buildActionMask = 2147483647;
			files = (
				353D7D7124325E8300E1DCA7 /* Code_Name_InceptionTests.swift in Sources */,
			);
			runOnlyForDeploymentPostprocessing = 0;
		};
		353D7D7324325E8300E1DCA7 /* Sources */ = {
			isa = PBXSourcesBuildPhase;
			buildActionMask = 2147483647;
			files = (
				353D7D7C24325E8300E1DCA7 /* Code_Name_InceptionUITests.swift in Sources */,
			);
			runOnlyForDeploymentPostprocessing = 0;
		};
/* End PBXSourcesBuildPhase section */

/* Begin PBXTargetDependency section */
		353D7D6E24325E8300E1DCA7 /* PBXTargetDependency */ = {
			isa = PBXTargetDependency;
			target = 353D7D5524325E7F00E1DCA7 /* Code Name Inception */;
			targetProxy = 353D7D6D24325E8300E1DCA7 /* PBXContainerItemProxy */;
		};
		353D7D7924325E8300E1DCA7 /* PBXTargetDependency */ = {
			isa = PBXTargetDependency;
			target = 353D7D5524325E7F00E1DCA7 /* Code Name Inception */;
			targetProxy = 353D7D7824325E8300E1DCA7 /* PBXContainerItemProxy */;
		};
/* End PBXTargetDependency section */

/* Begin PBXVariantGroup section */
		353D7D5F24325E7F00E1DCA7 /* Main.storyboard */ = {
			isa = PBXVariantGroup;
			children = (
				353D7D6024325E7F00E1DCA7 /* Base */,
			);
			name = Main.storyboard;
			sourceTree = "<group>";
		};
		353D7D6424325E8200E1DCA7 /* LaunchScreen.storyboard */ = {
			isa = PBXVariantGroup;
			children = (
				353D7D6524325E8200E1DCA7 /* Base */,
			);
			name = LaunchScreen.storyboard;
			sourceTree = "<group>";
		};
/* End PBXVariantGroup section */

/* Begin XCBuildConfiguration section */
		353D7D7E24325E8300E1DCA7 /* Debug */ = {
			isa = XCBuildConfiguration;
			buildSettings = {
				ALWAYS_SEARCH_USER_PATHS = NO;
				CLANG_ANALYZER_NONNULL = YES;
				CLANG_ANALYZER_NUMBER_OBJECT_CONVERSION = YES_AGGRESSIVE;
				CLANG_CXX_LANGUAGE_STANDARD = "gnu++14";
				CLANG_CXX_LIBRARY = "libc++";
				CLANG_ENABLE_MODULES = YES;
				CLANG_ENABLE_OBJC_ARC = YES;
				CLANG_ENABLE_OBJC_WEAK = YES;
				CLANG_WARN_BLOCK_CAPTURE_AUTORELEASING = YES;
				CLANG_WARN_BOOL_CONVERSION = YES;
				CLANG_WARN_COMMA = YES;
				CLANG_WARN_CONSTANT_CONVERSION = YES;
				CLANG_WARN_DEPRECATED_OBJC_IMPLEMENTATIONS = YES;
				CLANG_WARN_DIRECT_OBJC_ISA_USAGE = YES_ERROR;
				CLANG_WARN_DOCUMENTATION_COMMENTS = YES;
				CLANG_WARN_EMPTY_BODY = YES;
				CLANG_WARN_ENUM_CONVERSION = YES;
				CLANG_WARN_INFINITE_RECURSION = YES;
				CLANG_WARN_INT_CONVERSION = YES;
				CLANG_WARN_NON_LITERAL_NULL_CONVERSION = YES;
				CLANG_WARN_OBJC_IMPLICIT_RETAIN_SELF = YES;
				CLANG_WARN_OBJC_LITERAL_CONVERSION = YES;
				CLANG_WARN_OBJC_ROOT_CLASS = YES_ERROR;
				CLANG_WARN_RANGE_LOOP_ANALYSIS = YES;
				CLANG_WARN_STRICT_PROTOTYPES = YES;
				CLANG_WARN_SUSPICIOUS_MOVE = YES;
				CLANG_WARN_UNGUARDED_AVAILABILITY = YES_AGGRESSIVE;
				CLANG_WARN_UNREACHABLE_CODE = YES;
				CLANG_WARN__DUPLICATE_METHOD_MATCH = YES;
				COPY_PHASE_STRIP = NO;
				DEBUG_INFORMATION_FORMAT = dwarf;
				ENABLE_STRICT_OBJC_MSGSEND = YES;
				ENABLE_TESTABILITY = YES;
				GCC_C_LANGUAGE_STANDARD = gnu11;
				GCC_DYNAMIC_NO_PIC = NO;
				GCC_NO_COMMON_BLOCKS = YES;
				GCC_OPTIMIZATION_LEVEL = 0;
				GCC_PREPROCESSOR_DEFINITIONS = (
					"DEBUG=1",
					"$(inherited)",
				);
				GCC_WARN_64_TO_32_BIT_CONVERSION = YES;
				GCC_WARN_ABOUT_RETURN_TYPE = YES_ERROR;
				GCC_WARN_UNDECLARED_SELECTOR = YES;
				GCC_WARN_UNINITIALIZED_AUTOS = YES_AGGRESSIVE;
				GCC_WARN_UNUSED_FUNCTION = YES;
				GCC_WARN_UNUSED_VARIABLE = YES;
				IPHONEOS_DEPLOYMENT_TARGET = 13.4;
				MTL_ENABLE_DEBUG_INFO = INCLUDE_SOURCE;
				MTL_FAST_MATH = YES;
				ONLY_ACTIVE_ARCH = YES;
				SDKROOT = iphoneos;
				SWIFT_ACTIVE_COMPILATION_CONDITIONS = DEBUG;
				SWIFT_OPTIMIZATION_LEVEL = "-Onone";
			};
			name = Debug;
		};
		353D7D7F24325E8300E1DCA7 /* Release */ = {
			isa = XCBuildConfiguration;
			buildSettings = {
				ALWAYS_SEARCH_USER_PATHS = NO;
				CLANG_ANALYZER_NONNULL = YES;
				CLANG_ANALYZER_NUMBER_OBJECT_CONVERSION = YES_AGGRESSIVE;
				CLANG_CXX_LANGUAGE_STANDARD = "gnu++14";
				CLANG_CXX_LIBRARY = "libc++";
				CLANG_ENABLE_MODULES = YES;
				CLANG_ENABLE_OBJC_ARC = YES;
				CLANG_ENABLE_OBJC_WEAK = YES;
				CLANG_WARN_BLOCK_CAPTURE_AUTORELEASING = YES;
				CLANG_WARN_BOOL_CONVERSION = YES;
				CLANG_WARN_COMMA = YES;
				CLANG_WARN_CONSTANT_CONVERSION = YES;
				CLANG_WARN_DEPRECATED_OBJC_IMPLEMENTATIONS = YES;
				CLANG_WARN_DIRECT_OBJC_ISA_USAGE = YES_ERROR;
				CLANG_WARN_DOCUMENTATION_COMMENTS = YES;
				CLANG_WARN_EMPTY_BODY = YES;
				CLANG_WARN_ENUM_CONVERSION = YES;
				CLANG_WARN_INFINITE_RECURSION = YES;
				CLANG_WARN_INT_CONVERSION = YES;
				CLANG_WARN_NON_LITERAL_NULL_CONVERSION = YES;
				CLANG_WARN_OBJC_IMPLICIT_RETAIN_SELF = YES;
				CLANG_WARN_OBJC_LITERAL_CONVERSION = YES;
				CLANG_WARN_OBJC_ROOT_CLASS = YES_ERROR;
				CLANG_WARN_RANGE_LOOP_ANALYSIS = YES;
				CLANG_WARN_STRICT_PROTOTYPES = YES;
				CLANG_WARN_SUSPICIOUS_MOVE = YES;
				CLANG_WARN_UNGUARDED_AVAILABILITY = YES_AGGRESSIVE;
				CLANG_WARN_UNREACHABLE_CODE = YES;
				CLANG_WARN__DUPLICATE_METHOD_MATCH = YES;
				COPY_PHASE_STRIP = NO;
				DEBUG_INFORMATION_FORMAT = "dwarf-with-dsym";
				ENABLE_NS_ASSERTIONS = NO;
				ENABLE_STRICT_OBJC_MSGSEND = YES;
				GCC_C_LANGUAGE_STANDARD = gnu11;
				GCC_NO_COMMON_BLOCKS = YES;
				GCC_WARN_64_TO_32_BIT_CONVERSION = YES;
				GCC_WARN_ABOUT_RETURN_TYPE = YES_ERROR;
				GCC_WARN_UNDECLARED_SELECTOR = YES;
				GCC_WARN_UNINITIALIZED_AUTOS = YES_AGGRESSIVE;
				GCC_WARN_UNUSED_FUNCTION = YES;
				GCC_WARN_UNUSED_VARIABLE = YES;
				IPHONEOS_DEPLOYMENT_TARGET = 13.4;
				MTL_ENABLE_DEBUG_INFO = NO;
				MTL_FAST_MATH = YES;
				SDKROOT = iphoneos;
				SWIFT_COMPILATION_MODE = wholemodule;
				SWIFT_OPTIMIZATION_LEVEL = "-O";
				VALIDATE_PRODUCT = YES;
			};
			name = Release;
		};
		353D7D8124325E8300E1DCA7 /* Debug */ = {
			isa = XCBuildConfiguration;
			buildSettings = {
				ASSETCATALOG_COMPILER_APPICON_NAME = AppIcon;
				CODE_SIGN_STYLE = Automatic;
				INFOPLIST_FILE = "Code Name Inception/Info.plist";
				LD_RUNPATH_SEARCH_PATHS = (
					"$(inherited)",
					"@executable_path/Frameworks",
				);
				PRODUCT_BUNDLE_IDENTIFIER = "Elle.Code-Name-Inception";
				PRODUCT_NAME = "$(TARGET_NAME)";
				SWIFT_VERSION = 5.0;
				TARGETED_DEVICE_FAMILY = "1,2";
			};
			name = Debug;
		};
		353D7D8224325E8300E1DCA7 /* Release */ = {
			isa = XCBuildConfiguration;
			buildSettings = {
				ASSETCATALOG_COMPILER_APPICON_NAME = AppIcon;
				CODE_SIGN_STYLE = Automatic;
				INFOPLIST_FILE = "Code Name Inception/Info.plist";
				LD_RUNPATH_SEARCH_PATHS = (
					"$(inherited)",
					"@executable_path/Frameworks",
				);
				PRODUCT_BUNDLE_IDENTIFIER = "Elle.Code-Name-Inception";
				PRODUCT_NAME = "$(TARGET_NAME)";
				SWIFT_VERSION = 5.0;
				TARGETED_DEVICE_FAMILY = "1,2";
			};
			name = Release;
		};
		353D7D8424325E8300E1DCA7 /* Debug */ = {
			isa = XCBuildConfiguration;
			buildSettings = {
				ALWAYS_EMBED_SWIFT_STANDARD_LIBRARIES = YES;
				BUNDLE_LOADER = "$(TEST_HOST)";
				CODE_SIGN_STYLE = Automatic;
				INFOPLIST_FILE = "Code Name InceptionTests/Info.plist";
				IPHONEOS_DEPLOYMENT_TARGET = 13.4;
				LD_RUNPATH_SEARCH_PATHS = (
					"$(inherited)",
					"@executable_path/Frameworks",
					"@loader_path/Frameworks",
				);
				PRODUCT_BUNDLE_IDENTIFIER = "Elle.Code-Name-InceptionTests";
				PRODUCT_NAME = "$(TARGET_NAME)";
				SWIFT_VERSION = 5.0;
				TARGETED_DEVICE_FAMILY = "1,2";
				TEST_HOST = "$(BUILT_PRODUCTS_DIR)/Code Name Inception.app/Code Name Inception";
			};
			name = Debug;
		};
		353D7D8524325E8300E1DCA7 /* Release */ = {
			isa = XCBuildConfiguration;
			buildSettings = {
				ALWAYS_EMBED_SWIFT_STANDARD_LIBRARIES = YES;
				BUNDLE_LOADER = "$(TEST_HOST)";
				CODE_SIGN_STYLE = Automatic;
				INFOPLIST_FILE = "Code Name InceptionTests/Info.plist";
				IPHONEOS_DEPLOYMENT_TARGET = 13.4;
				LD_RUNPATH_SEARCH_PATHS = (
					"$(inherited)",
					"@executable_path/Frameworks",
					"@loader_path/Frameworks",
				);
				PRODUCT_BUNDLE_IDENTIFIER = "Elle.Code-Name-InceptionTests";
				PRODUCT_NAME = "$(TARGET_NAME)";
				SWIFT_VERSION = 5.0;
				TARGETED_DEVICE_FAMILY = "1,2";
				TEST_HOST = "$(BUILT_PRODUCTS_DIR)/Code Name Inception.app/Code Name Inception";
			};
			name = Release;
		};
		353D7D8724325E8300E1DCA7 /* Debug */ = {
			isa = XCBuildConfiguration;
			buildSettings = {
				ALWAYS_EMBED_SWIFT_STANDARD_LIBRARIES = YES;
				CODE_SIGN_STYLE = Automatic;
				INFOPLIST_FILE = "Code Name InceptionUITests/Info.plist";
				LD_RUNPATH_SEARCH_PATHS = (
					"$(inherited)",
					"@executable_path/Frameworks",
					"@loader_path/Frameworks",
				);
				PRODUCT_BUNDLE_IDENTIFIER = "Elle.Code-Name-InceptionUITests";
				PRODUCT_NAME = "$(TARGET_NAME)";
				SWIFT_VERSION = 5.0;
				TARGETED_DEVICE_FAMILY = "1,2";
				TEST_TARGET_NAME = "Code Name Inception";
			};
			name = Debug;
		};
		353D7D8824325E8300E1DCA7 /* Release */ = {
			isa = XCBuildConfiguration;
			buildSettings = {
				ALWAYS_EMBED_SWIFT_STANDARD_LIBRARIES = YES;
				CODE_SIGN_STYLE = Automatic;
				INFOPLIST_FILE = "Code Name InceptionUITests/Info.plist";
				LD_RUNPATH_SEARCH_PATHS = (
					"$(inherited)",
					"@executable_path/Frameworks",
					"@loader_path/Frameworks",
				);
				PRODUCT_BUNDLE_IDENTIFIER = "Elle.Code-Name-InceptionUITests";
				PRODUCT_NAME = "$(TARGET_NAME)";
				SWIFT_VERSION = 5.0;
				TARGETED_DEVICE_FAMILY = "1,2";
				TEST_TARGET_NAME = "Code Name Inception";
			};
			name = Release;
		};
/* End XCBuildConfiguration section */

/* Begin XCConfigurationList section */
		353D7D5124325E7F00E1DCA7 /* Build configuration list for PBXProject "Code Name Inception" */ = {
			isa = XCConfigurationList;
			buildConfigurations = (
				353D7D7E24325E8300E1DCA7 /* Debug */,
				353D7D7F24325E8300E1DCA7 /* Release */,
			);
			defaultConfigurationIsVisible = 0;
			defaultConfigurationName = Release;
		};
		353D7D8024325E8300E1DCA7 /* Build configuration list for PBXNativeTarget "Code Name Inception" */ = {
			isa = XCConfigurationList;
			buildConfigurations = (
				353D7D8124325E8300E1DCA7 /* Debug */,
				353D7D8224325E8300E1DCA7 /* Release */,
			);
			defaultConfigurationIsVisible = 0;
			defaultConfigurationName = Release;
		};
		353D7D8324325E8300E1DCA7 /* Build configuration list for PBXNativeTarget "Code Name InceptionTests" */ = {
			isa = XCConfigurationList;
			buildConfigurations = (
				353D7D8424325E8300E1DCA7 /* Debug */,
				353D7D8524325E8300E1DCA7 /* Release */,
			);
			defaultConfigurationIsVisible = 0;
			defaultConfigurationName = Release;
		};
		353D7D8624325E8300E1DCA7 /* Build configuration list for PBXNativeTarget "Code Name InceptionUITests" */ = {
			isa = XCConfigurationList;
			buildConfigurations = (
				353D7D8724325E8300E1DCA7 /* Debug */,
				353D7D8824325E8300E1DCA7 /* Release */,
			);
			defaultConfigurationIsVisible = 0;
			defaultConfigurationName = Release;
		};
/* End XCConfigurationList section */
	};
	rootObject = 353D7D4E24325E7F00E1DCA7 /* Project object */;
}
